// !$*UTF8*$!
{
	archiveVersion = 1;
	classes = {
	};
	objectVersion = 55;
	objects = {

/* Begin PBXBuildFile section */
		7F59BD8927BE931F005D7002 /* AppDelegate.swift in Sources */ = {isa = PBXBuildFile; fileRef = 7F59BD8827BE931F005D7002 /* AppDelegate.swift */; };
		7F59BD8B27BE931F005D7002 /* SceneDelegate.swift in Sources */ = {isa = PBXBuildFile; fileRef = 7F59BD8A27BE931F005D7002 /* SceneDelegate.swift */; };
		7F59BD8D27BE931F005D7002 /* ViewController.swift in Sources */ = {isa = PBXBuildFile; fileRef = 7F59BD8C27BE931F005D7002 /* ViewController.swift */; };
		7F59BD9027BE931F005D7002 /* Main.storyboard in Resources */ = {isa = PBXBuildFile; fileRef = 7F59BD8E27BE931F005D7002 /* Main.storyboard */; };
		7F59BD9227BE9324005D7002 /* Assets.xcassets in Resources */ = {isa = PBXBuildFile; fileRef = 7F59BD9127BE9324005D7002 /* Assets.xcassets */; };
		7F59BD9527BE9324005D7002 /* LaunchScreen.storyboard in Resources */ = {isa = PBXBuildFile; fileRef = 7F59BD9327BE9324005D7002 /* LaunchScreen.storyboard */; };
		7F59BDA027BE9324005D7002 /* CodeCoverageTests.swift in Sources */ = {isa = PBXBuildFile; fileRef = 7F59BD9F27BE9324005D7002 /* CodeCoverageTests.swift */; };
		7F59BDAA27BE9324005D7002 /* CodeCoverageUITests.swift in Sources */ = {isa = PBXBuildFile; fileRef = 7F59BDA927BE9324005D7002 /* CodeCoverageUITests.swift */; };
		7F59BDAC27BE9324005D7002 /* CodeCoverageUITestsLaunchTests.swift in Sources */ = {isa = PBXBuildFile; fileRef = 7F59BDAB27BE9324005D7002 /* CodeCoverageUITestsLaunchTests.swift */; };
		7F59BDB927BE936D005D7002 /* Person.swift in Sources */ = {isa = PBXBuildFile; fileRef = 7F59BDB827BE936D005D7002 /* Person.swift */; };
/* End PBXBuildFile section */

/* Begin PBXContainerItemProxy section */
		7F59BD9C27BE9324005D7002 /* PBXContainerItemProxy */ = {
			isa = PBXContainerItemProxy;
			containerPortal = 7F59BD7D27BE931F005D7002 /* Project object */;
			proxyType = 1;
			remoteGlobalIDString = 7F59BD8427BE931F005D7002;
			remoteInfo = CodeCoverage;
		};
		7F59BDA627BE9324005D7002 /* PBXContainerItemProxy */ = {
			isa = PBXContainerItemProxy;
			containerPortal = 7F59BD7D27BE931F005D7002 /* Project object */;
			proxyType = 1;
			remoteGlobalIDString = 7F59BD8427BE931F005D7002;
			remoteInfo = CodeCoverage;
		};
/* End PBXContainerItemProxy section */

/* Begin PBXFileReference section */
		7F59BD8527BE931F005D7002 /* CodeCoverage.app */ = {isa = PBXFileReference; explicitFileType = wrapper.application; includeInIndex = 0; path = CodeCoverage.app; sourceTree = BUILT_PRODUCTS_DIR; };
		7F59BD8827BE931F005D7002 /* AppDelegate.swift */ = {isa = PBXFileReference; lastKnownFileType = sourcecode.swift; path = AppDelegate.swift; sourceTree = "<group>"; };
		7F59BD8A27BE931F005D7002 /* SceneDelegate.swift */ = {isa = PBXFileReference; lastKnownFileType = sourcecode.swift; path = SceneDelegate.swift; sourceTree = "<group>"; };
		7F59BD8C27BE931F005D7002 /* ViewController.swift */ = {isa = PBXFileReference; lastKnownFileType = sourcecode.swift; path = ViewController.swift; sourceTree = "<group>"; };
		7F59BD8F27BE931F005D7002 /* Base */ = {isa = PBXFileReference; lastKnownFileType = file.storyboard; name = Base; path = Base.lproj/Main.storyboard; sourceTree = "<group>"; };
		7F59BD9127BE9324005D7002 /* Assets.xcassets */ = {isa = PBXFileReference; lastKnownFileType = folder.assetcatalog; path = Assets.xcassets; sourceTree = "<group>"; };
		7F59BD9427BE9324005D7002 /* Base */ = {isa = PBXFileReference; lastKnownFileType = file.storyboard; name = Base; path = Base.lproj/LaunchScreen.storyboard; sourceTree = "<group>"; };
		7F59BD9627BE9324005D7002 /* Info.plist */ = {isa = PBXFileReference; lastKnownFileType = text.plist.xml; path = Info.plist; sourceTree = "<group>"; };
		7F59BD9B27BE9324005D7002 /* CodeCoverageTests.xctest */ = {isa = PBXFileReference; explicitFileType = wrapper.cfbundle; includeInIndex = 0; path = CodeCoverageTests.xctest; sourceTree = BUILT_PRODUCTS_DIR; };
		7F59BD9F27BE9324005D7002 /* CodeCoverageTests.swift */ = {isa = PBXFileReference; lastKnownFileType = sourcecode.swift; path = CodeCoverageTests.swift; sourceTree = "<group>"; };
		7F59BDA527BE9324005D7002 /* CodeCoverageUITests.xctest */ = {isa = PBXFileReference; explicitFileType = wrapper.cfbundle; includeInIndex = 0; path = CodeCoverageUITests.xctest; sourceTree = BUILT_PRODUCTS_DIR; };
		7F59BDA927BE9324005D7002 /* CodeCoverageUITests.swift */ = {isa = PBXFileReference; lastKnownFileType = sourcecode.swift; path = CodeCoverageUITests.swift; sourceTree = "<group>"; };
		7F59BDAB27BE9324005D7002 /* CodeCoverageUITestsLaunchTests.swift */ = {isa = PBXFileReference; lastKnownFileType = sourcecode.swift; path = CodeCoverageUITestsLaunchTests.swift; sourceTree = "<group>"; };
		7F59BDB827BE936D005D7002 /* Person.swift */ = {isa = PBXFileReference; fileEncoding = 4; lastKnownFileType = sourcecode.swift; path = Person.swift; sourceTree = "<group>"; };
/* End PBXFileReference section */

/* Begin PBXFrameworksBuildPhase section */
		7F59BD8227BE931F005D7002 /* Frameworks */ = {
			isa = PBXFrameworksBuildPhase;
			buildActionMask = 2147483647;
			files = (
			);
			runOnlyForDeploymentPostprocessing = 0;
		};
		7F59BD9827BE9324005D7002 /* Frameworks */ = {
			isa = PBXFrameworksBuildPhase;
			buildActionMask = 2147483647;
			files = (
			);
			runOnlyForDeploymentPostprocessing = 0;
		};
		7F59BDA227BE9324005D7002 /* Frameworks */ = {
			isa = PBXFrameworksBuildPhase;
			buildActionMask = 2147483647;
			files = (
			);
			runOnlyForDeploymentPostprocessing = 0;
		};
/* End PBXFrameworksBuildPhase section */

/* Begin PBXGroup section */
		7F59BD7C27BE931F005D7002 = {
			isa = PBXGroup;
			children = (
				7F59BD8727BE931F005D7002 /* CodeCoverage */,
				7F59BD9E27BE9324005D7002 /* CodeCoverageTests */,
				7F59BDA827BE9324005D7002 /* CodeCoverageUITests */,
				7F59BD8627BE931F005D7002 /* Products */,
			);
			sourceTree = "<group>";
		};
		7F59BD8627BE931F005D7002 /* Products */ = {
			isa = PBXGroup;
			children = (
				7F59BD8527BE931F005D7002 /* CodeCoverage.app */,
				7F59BD9B27BE9324005D7002 /* CodeCoverageTests.xctest */,
				7F59BDA527BE9324005D7002 /* CodeCoverageUITests.xctest */,
			);
			name = Products;
			sourceTree = "<group>";
		};
		7F59BD8727BE931F005D7002 /* CodeCoverage */ = {
			isa = PBXGroup;
			children = (
				7F59BD8827BE931F005D7002 /* AppDelegate.swift */,
				7F59BD8A27BE931F005D7002 /* SceneDelegate.swift */,
				7F59BD8C27BE931F005D7002 /* ViewController.swift */,
				7F59BDB827BE936D005D7002 /* Person.swift */,
				7F59BD8E27BE931F005D7002 /* Main.storyboard */,
				7F59BD9127BE9324005D7002 /* Assets.xcassets */,
				7F59BD9327BE9324005D7002 /* LaunchScreen.storyboard */,
				7F59BD9627BE9324005D7002 /* Info.plist */,
			);
			path = CodeCoverage;
			sourceTree = "<group>";
		};
		7F59BD9E27BE9324005D7002 /* CodeCoverageTests */ = {
			isa = PBXGroup;
			children = (
				7F59BD9F27BE9324005D7002 /* CodeCoverageTests.swift */,
			);
			path = CodeCoverageTests;
			sourceTree = "<group>";
		};
		7F59BDA827BE9324005D7002 /* CodeCoverageUITests */ = {
			isa = PBXGroup;
			children = (
				7F59BDA927BE9324005D7002 /* CodeCoverageUITests.swift */,
				7F59BDAB27BE9324005D7002 /* CodeCoverageUITestsLaunchTests.swift */,
			);
			path = CodeCoverageUITests;
			sourceTree = "<group>";
		};
/* End PBXGroup section */

/* Begin PBXNativeTarget section */
		7F59BD8427BE931F005D7002 /* CodeCoverage */ = {
			isa = PBXNativeTarget;
			buildConfigurationList = 7F59BDAF27BE9324005D7002 /* Build configuration list for PBXNativeTarget "CodeCoverage" */;
			buildPhases = (
				7F59BD8127BE931F005D7002 /* Sources */,
				7F59BD8227BE931F005D7002 /* Frameworks */,
				7F59BD8327BE931F005D7002 /* Resources */,
			);
			buildRules = (
			);
			dependencies = (
			);
			name = CodeCoverage;
			productName = CodeCoverage;
			productReference = 7F59BD8527BE931F005D7002 /* CodeCoverage.app */;
			productType = "com.apple.product-type.application";
		};
		7F59BD9A27BE9324005D7002 /* CodeCoverageTests */ = {
			isa = PBXNativeTarget;
			buildConfigurationList = 7F59BDB227BE9324005D7002 /* Build configuration list for PBXNativeTarget "CodeCoverageTests" */;
			buildPhases = (
				7F59BD9727BE9324005D7002 /* Sources */,
				7F59BD9827BE9324005D7002 /* Frameworks */,
				7F59BD9927BE9324005D7002 /* Resources */,
			);
			buildRules = (
			);
			dependencies = (
				7F59BD9D27BE9324005D7002 /* PBXTargetDependency */,
			);
			name = CodeCoverageTests;
			productName = CodeCoverageTests;
			productReference = 7F59BD9B27BE9324005D7002 /* CodeCoverageTests.xctest */;
			productType = "com.apple.product-type.bundle.unit-test";
		};
		7F59BDA427BE9324005D7002 /* CodeCoverageUITests */ = {
			isa = PBXNativeTarget;
			buildConfigurationList = 7F59BDB527BE9324005D7002 /* Build configuration list for PBXNativeTarget "CodeCoverageUITests" */;
			buildPhases = (
				7F59BDA127BE9324005D7002 /* Sources */,
				7F59BDA227BE9324005D7002 /* Frameworks */,
				7F59BDA327BE9324005D7002 /* Resources */,
			);
			buildRules = (
			);
			dependencies = (
				7F59BDA727BE9324005D7002 /* PBXTargetDependency */,
			);
			name = CodeCoverageUITests;
			productName = CodeCoverageUITests;
			productReference = 7F59BDA527BE9324005D7002 /* CodeCoverageUITests.xctest */;
			productType = "com.apple.product-type.bundle.ui-testing";
		};
/* End PBXNativeTarget section */

/* Begin PBXProject section */
		7F59BD7D27BE931F005D7002 /* Project object */ = {
			isa = PBXProject;
			attributes = {
				BuildIndependentTargetsInParallel = 1;
				LastSwiftUpdateCheck = 1320;
				LastUpgradeCheck = 1320;
				TargetAttributes = {
					7F59BD8427BE931F005D7002 = {
						CreatedOnToolsVersion = 13.2.1;
					};
					7F59BD9A27BE9324005D7002 = {
						CreatedOnToolsVersion = 13.2.1;
						TestTargetID = 7F59BD8427BE931F005D7002;
					};
					7F59BDA427BE9324005D7002 = {
						CreatedOnToolsVersion = 13.2.1;
						TestTargetID = 7F59BD8427BE931F005D7002;
					};
				};
			};
			buildConfigurationList = 7F59BD8027BE931F005D7002 /* Build configuration list for PBXProject "CodeCoverage" */;
			compatibilityVersion = "Xcode 13.0";
			developmentRegion = en;
			hasScannedForEncodings = 0;
			knownRegions = (
				en,
				Base,
			);
			mainGroup = 7F59BD7C27BE931F005D7002;
			productRefGroup = 7F59BD8627BE931F005D7002 /* Products */;
			projectDirPath = "";
			projectRoot = "";
			targets = (
				7F59BD8427BE931F005D7002 /* CodeCoverage */,
				7F59BD9A27BE9324005D7002 /* CodeCoverageTests */,
				7F59BDA427BE9324005D7002 /* CodeCoverageUITests */,
			);
		};
/* End PBXProject section */

/* Begin PBXResourcesBuildPhase section */
		7F59BD8327BE931F005D7002 /* Resources */ = {
			isa = PBXResourcesBuildPhase;
			buildActionMask = 2147483647;
			files = (
				7F59BD9527BE9324005D7002 /* LaunchScreen.storyboard in Resources */,
				7F59BD9227BE9324005D7002 /* Assets.xcassets in Resources */,
				7F59BD9027BE931F005D7002 /* Main.storyboard in Resources */,
			);
			runOnlyForDeploymentPostprocessing = 0;
		};
		7F59BD9927BE9324005D7002 /* Resources */ = {
			isa = PBXResourcesBuildPhase;
			buildActionMask = 2147483647;
			files = (
			);
			runOnlyForDeploymentPostprocessing = 0;
		};
		7F59BDA327BE9324005D7002 /* Resources */ = {
			isa = PBXResourcesBuildPhase;
			buildActionMask = 2147483647;
			files = (
			);
			runOnlyForDeploymentPostprocessing = 0;
		};
/* End PBXResourcesBuildPhase section */

/* Begin PBXSourcesBuildPhase section */
		7F59BD8127BE931F005D7002 /* Sources */ = {
			isa = PBXSourcesBuildPhase;
			buildActionMask = 2147483647;
			files = (
				7F59BD8D27BE931F005D7002 /* ViewController.swift in Sources */,
				7F59BD8927BE931F005D7002 /* AppDelegate.swift in Sources */,
				7F59BDB927BE936D005D7002 /* Person.swift in Sources */,
				7F59BD8B27BE931F005D7002 /* SceneDelegate.swift in Sources */,
			);
			runOnlyForDeploymentPostprocessing = 0;
		};
		7F59BD9727BE9324005D7002 /* Sources */ = {
			isa = PBXSourcesBuildPhase;
			buildActionMask = 2147483647;
			files = (
				7F59BDA027BE9324005D7002 /* CodeCoverageTests.swift in Sources */,
			);
			runOnlyForDeploymentPostprocessing = 0;
		};
		7F59BDA127BE9324005D7002 /* Sources */ = {
			isa = PBXSourcesBuildPhase;
			buildActionMask = 2147483647;
			files = (
				7F59BDAA27BE9324005D7002 /* CodeCoverageUITests.swift in Sources */,
				7F59BDAC27BE9324005D7002 /* CodeCoverageUITestsLaunchTests.swift in Sources */,
			);
			runOnlyForDeploymentPostprocessing = 0;
		};
/* End PBXSourcesBuildPhase section */

/* Begin PBXTargetDependency section */
		7F59BD9D27BE9324005D7002 /* PBXTargetDependency */ = {
			isa = PBXTargetDependency;
			target = 7F59BD8427BE931F005D7002 /* CodeCoverage */;
			targetProxy = 7F59BD9C27BE9324005D7002 /* PBXContainerItemProxy */;
		};
		7F59BDA727BE9324005D7002 /* PBXTargetDependency */ = {
			isa = PBXTargetDependency;
			target = 7F59BD8427BE931F005D7002 /* CodeCoverage */;
			targetProxy = 7F59BDA627BE9324005D7002 /* PBXContainerItemProxy */;
		};
/* End PBXTargetDependency section */

/* Begin PBXVariantGroup section */
		7F59BD8E27BE931F005D7002 /* Main.storyboard */ = {
			isa = PBXVariantGroup;
			children = (
				7F59BD8F27BE931F005D7002 /* Base */,
			);
			name = Main.storyboard;
			sourceTree = "<group>";
		};
		7F59BD9327BE9324005D7002 /* LaunchScreen.storyboard */ = {
			isa = PBXVariantGroup;
			children = (
				7F59BD9427BE9324005D7002 /* Base */,
			);
			name = LaunchScreen.storyboard;
			sourceTree = "<group>";
		};
/* End PBXVariantGroup section */

/* Begin XCBuildConfiguration section */
		7F59BDAD27BE9324005D7002 /* Debug */ = {
			isa = XCBuildConfiguration;
			buildSettings = {
				ALWAYS_SEARCH_USER_PATHS = NO;
				CLANG_ANALYZER_NONNULL = YES;
				CLANG_ANALYZER_NUMBER_OBJECT_CONVERSION = YES_AGGRESSIVE;
				CLANG_CXX_LANGUAGE_STANDARD = "gnu++17";
				CLANG_CXX_LIBRARY = "libc++";
				CLANG_ENABLE_MODULES = YES;
				CLANG_ENABLE_OBJC_ARC = YES;
				CLANG_ENABLE_OBJC_WEAK = YES;
				CLANG_WARN_BLOCK_CAPTURE_AUTORELEASING = YES;
				CLANG_WARN_BOOL_CONVERSION = YES;
				CLANG_WARN_COMMA = YES;
				CLANG_WARN_CONSTANT_CONVERSION = YES;
				CLANG_WARN_DEPRECATED_OBJC_IMPLEMENTATIONS = YES;
				CLANG_WARN_DIRECT_OBJC_ISA_USAGE = YES_ERROR;
				CLANG_WARN_DOCUMENTATION_COMMENTS = YES;
				CLANG_WARN_EMPTY_BODY = YES;
				CLANG_WARN_ENUM_CONVERSION = YES;
				CLANG_WARN_INFINITE_RECURSION = YES;
				CLANG_WARN_INT_CONVERSION = YES;
				CLANG_WARN_NON_LITERAL_NULL_CONVERSION = YES;
				CLANG_WARN_OBJC_IMPLICIT_RETAIN_SELF = YES;
				CLANG_WARN_OBJC_LITERAL_CONVERSION = YES;
				CLANG_WARN_OBJC_ROOT_CLASS = YES_ERROR;
				CLANG_WARN_QUOTED_INCLUDE_IN_FRAMEWORK_HEADER = YES;
				CLANG_WARN_RANGE_LOOP_ANALYSIS = YES;
				CLANG_WARN_STRICT_PROTOTYPES = YES;
				CLANG_WARN_SUSPICIOUS_MOVE = YES;
				CLANG_WARN_UNGUARDED_AVAILABILITY = YES_AGGRESSIVE;
				CLANG_WARN_UNREACHABLE_CODE = YES;
				CLANG_WARN__DUPLICATE_METHOD_MATCH = YES;
				COPY_PHASE_STRIP = NO;
				DEBUG_INFORMATION_FORMAT = dwarf;
				ENABLE_STRICT_OBJC_MSGSEND = YES;
				ENABLE_TESTABILITY = YES;
				GCC_C_LANGUAGE_STANDARD = gnu11;
				GCC_DYNAMIC_NO_PIC = NO;
				GCC_NO_COMMON_BLOCKS = YES;
				GCC_OPTIMIZATION_LEVEL = 0;
				GCC_PREPROCESSOR_DEFINITIONS = (
					"DEBUG=1",
					"$(inherited)",
				);
				GCC_WARN_64_TO_32_BIT_CONVERSION = YES;
				GCC_WARN_ABOUT_RETURN_TYPE = YES_ERROR;
				GCC_WARN_UNDECLARED_SELECTOR = YES;
				GCC_WARN_UNINITIALIZED_AUTOS = YES_AGGRESSIVE;
				GCC_WARN_UNUSED_FUNCTION = YES;
				GCC_WARN_UNUSED_VARIABLE = YES;
				IPHONEOS_DEPLOYMENT_TARGET = 15.2;
				MTL_ENABLE_DEBUG_INFO = INCLUDE_SOURCE;
				MTL_FAST_MATH = YES;
				ONLY_ACTIVE_ARCH = YES;
				SDKROOT = iphoneos;
				SWIFT_ACTIVE_COMPILATION_CONDITIONS = DEBUG;
				SWIFT_OPTIMIZATION_LEVEL = "-Onone";
			};
			name = Debug;
		};
		7F59BDAE27BE9324005D7002 /* Release */ = {
			isa = XCBuildConfiguration;
			buildSettings = {
				ALWAYS_SEARCH_USER_PATHS = NO;
				CLANG_ANALYZER_NONNULL = YES;
				CLANG_ANALYZER_NUMBER_OBJECT_CONVERSION = YES_AGGRESSIVE;
				CLANG_CXX_LANGUAGE_STANDARD = "gnu++17";
				CLANG_CXX_LIBRARY = "libc++";
				CLANG_ENABLE_MODULES = YES;
				CLANG_ENABLE_OBJC_ARC = YES;
				CLANG_ENABLE_OBJC_WEAK = YES;
				CLANG_WARN_BLOCK_CAPTURE_AUTORELEASING = YES;
				CLANG_WARN_BOOL_CONVERSION = YES;
				CLANG_WARN_COMMA = YES;
				CLANG_WARN_CONSTANT_CONVERSION = YES;
				CLANG_WARN_DEPRECATED_OBJC_IMPLEMENTATIONS = YES;
				CLANG_WARN_DIRECT_OBJC_ISA_USAGE = YES_ERROR;
				CLANG_WARN_DOCUMENTATION_COMMENTS = YES;
				CLANG_WARN_EMPTY_BODY = YES;
				CLANG_WARN_ENUM_CONVERSION = YES;
				CLANG_WARN_INFINITE_RECURSION = YES;
				CLANG_WARN_INT_CONVERSION = YES;
				CLANG_WARN_NON_LITERAL_NULL_CONVERSION = YES;
				CLANG_WARN_OBJC_IMPLICIT_RETAIN_SELF = YES;
				CLANG_WARN_OBJC_LITERAL_CONVERSION = YES;
				CLANG_WARN_OBJC_ROOT_CLASS = YES_ERROR;
				CLANG_WARN_QUOTED_INCLUDE_IN_FRAMEWORK_HEADER = YES;
				CLANG_WARN_RANGE_LOOP_ANALYSIS = YES;
				CLANG_WARN_STRICT_PROTOTYPES = YES;
				CLANG_WARN_SUSPICIOUS_MOVE = YES;
				CLANG_WARN_UNGUARDED_AVAILABILITY = YES_AGGRESSIVE;
				CLANG_WARN_UNREACHABLE_CODE = YES;
				CLANG_WARN__DUPLICATE_METHOD_MATCH = YES;
				COPY_PHASE_STRIP = NO;
				DEBUG_INFORMATION_FORMAT = "dwarf-with-dsym";
				ENABLE_NS_ASSERTIONS = NO;
				ENABLE_STRICT_OBJC_MSGSEND = YES;
				GCC_C_LANGUAGE_STANDARD = gnu11;
				GCC_NO_COMMON_BLOCKS = YES;
				GCC_WARN_64_TO_32_BIT_CONVERSION = YES;
				GCC_WARN_ABOUT_RETURN_TYPE = YES_ERROR;
				GCC_WARN_UNDECLARED_SELECTOR = YES;
				GCC_WARN_UNINITIALIZED_AUTOS = YES_AGGRESSIVE;
				GCC_WARN_UNUSED_FUNCTION = YES;
				GCC_WARN_UNUSED_VARIABLE = YES;
				IPHONEOS_DEPLOYMENT_TARGET = 15.2;
				MTL_ENABLE_DEBUG_INFO = NO;
				MTL_FAST_MATH = YES;
				SDKROOT = iphoneos;
				SWIFT_COMPILATION_MODE = wholemodule;
				SWIFT_OPTIMIZATION_LEVEL = "-O";
				VALIDATE_PRODUCT = YES;
			};
			name = Release;
		};
		7F59BDB027BE9324005D7002 /* Debug */ = {
			isa = XCBuildConfiguration;
			buildSettings = {
				ASSETCATALOG_COMPILER_APPICON_NAME = AppIcon;
				ASSETCATALOG_COMPILER_GLOBAL_ACCENT_COLOR_NAME = AccentColor;
				CODE_SIGN_STYLE = Automatic;
				CURRENT_PROJECT_VERSION = 1;
				DEVELOPMENT_TEAM = YW88Y5HA6W;
				GENERATE_INFOPLIST_FILE = YES;
				INFOPLIST_FILE = CodeCoverage/Info.plist;
				INFOPLIST_KEY_UIApplicationSupportsIndirectInputEvents = YES;
				INFOPLIST_KEY_UILaunchStoryboardName = LaunchScreen;
				INFOPLIST_KEY_UIMainStoryboardFile = Main;
				INFOPLIST_KEY_UISupportedInterfaceOrientations_iPad = "UIInterfaceOrientationPortrait UIInterfaceOrientationPortraitUpsideDown UIInterfaceOrientationLandscapeLeft UIInterfaceOrientationLandscapeRight";
				INFOPLIST_KEY_UISupportedInterfaceOrientations_iPhone = "UIInterfaceOrientationPortrait UIInterfaceOrientationLandscapeLeft UIInterfaceOrientationLandscapeRight";
				LD_RUNPATH_SEARCH_PATHS = (
					"$(inherited)",
					"@executable_path/Frameworks",
				);
				MARKETING_VERSION = 1.0;
				PRODUCT_BUNDLE_IDENTIFIER = Test.CodeCoverage;
				PRODUCT_NAME = "$(TARGET_NAME)";
				SWIFT_EMIT_LOC_STRINGS = YES;
				SWIFT_VERSION = 5.0;
				TARGETED_DEVICE_FAMILY = "1,2";
			};
			name = Debug;
		};
		7F59BDB127BE9324005D7002 /* Release */ = {
			isa = XCBuildConfiguration;
			buildSettings = {
				ASSETCATALOG_COMPILER_APPICON_NAME = AppIcon;
				ASSETCATALOG_COMPILER_GLOBAL_ACCENT_COLOR_NAME = AccentColor;
				CODE_SIGN_STYLE = Automatic;
				CURRENT_PROJECT_VERSION = 1;
				DEVELOPMENT_TEAM = YW88Y5HA6W;
				GENERATE_INFOPLIST_FILE = YES;
				INFOPLIST_FILE = CodeCoverage/Info.plist;
				INFOPLIST_KEY_UIApplicationSupportsIndirectInputEvents = YES;
				INFOPLIST_KEY_UILaunchStoryboardName = LaunchScreen;
				INFOPLIST_KEY_UIMainStoryboardFile = Main;
				INFOPLIST_KEY_UISupportedInterfaceOrientations_iPad = "UIInterfaceOrientationPortrait UIInterfaceOrientationPortraitUpsideDown UIInterfaceOrientationLandscapeLeft UIInterfaceOrientationLandscapeRight";
				INFOPLIST_KEY_UISupportedInterfaceOrientations_iPhone = "UIInterfaceOrientationPortrait UIInterfaceOrientationLandscapeLeft UIInterfaceOrientationLandscapeRight";
				LD_RUNPATH_SEARCH_PATHS = (
					"$(inherited)",
					"@executable_path/Frameworks",
				);
				MARKETING_VERSION = 1.0;
				PRODUCT_BUNDLE_IDENTIFIER = Test.CodeCoverage;
				PRODUCT_NAME = "$(TARGET_NAME)";
				SWIFT_EMIT_LOC_STRINGS = YES;
				SWIFT_VERSION = 5.0;
				TARGETED_DEVICE_FAMILY = "1,2";
			};
			name = Release;
		};
		7F59BDB327BE9324005D7002 /* Debug */ = {
			isa = XCBuildConfiguration;
			buildSettings = {
				ALWAYS_EMBED_SWIFT_STANDARD_LIBRARIES = YES;
				BUNDLE_LOADER = "$(TEST_HOST)";
				CODE_SIGN_STYLE = Automatic;
				CURRENT_PROJECT_VERSION = 1;
				DEVELOPMENT_TEAM = YW88Y5HA6W;
				GENERATE_INFOPLIST_FILE = YES;
				IPHONEOS_DEPLOYMENT_TARGET = 15.2;
				MARKETING_VERSION = 1.0;
				PRODUCT_BUNDLE_IDENTIFIER = Test.CodeCoverageTests;
				PRODUCT_NAME = "$(TARGET_NAME)";
				SWIFT_EMIT_LOC_STRINGS = NO;
				SWIFT_VERSION = 5.0;
				TARGETED_DEVICE_FAMILY = "1,2";
				TEST_HOST = "$(BUILT_PRODUCTS_DIR)/CodeCoverage.app/CodeCoverage";
			};
			name = Debug;
		};
		7F59BDB427BE9324005D7002 /* Release */ = {
			isa = XCBuildConfiguration;
			buildSettings = {
				ALWAYS_EMBED_SWIFT_STANDARD_LIBRARIES = YES;
				BUNDLE_LOADER = "$(TEST_HOST)";
				CODE_SIGN_STYLE = Automatic;
				CURRENT_PROJECT_VERSION = 1;
				DEVELOPMENT_TEAM = YW88Y5HA6W;
				GENERATE_INFOPLIST_FILE = YES;
				IPHONEOS_DEPLOYMENT_TARGET = 15.2;
				MARKETING_VERSION = 1.0;
				PRODUCT_BUNDLE_IDENTIFIER = Test.CodeCoverageTests;
				PRODUCT_NAME = "$(TARGET_NAME)";
				SWIFT_EMIT_LOC_STRINGS = NO;
				SWIFT_VERSION = 5.0;
				TARGETED_DEVICE_FAMILY = "1,2";
				TEST_HOST = "$(BUILT_PRODUCTS_DIR)/CodeCoverage.app/CodeCoverage";
			};
			name = Release;
		};
		7F59BDB627BE9324005D7002 /* Debug */ = {
			isa = XCBuildConfiguration;
			buildSettings = {
				ALWAYS_EMBED_SWIFT_STANDARD_LIBRARIES = YES;
				CODE_SIGN_STYLE = Automatic;
				CURRENT_PROJECT_VERSION = 1;
				DEVELOPMENT_TEAM = YW88Y5HA6W;
				GENERATE_INFOPLIST_FILE = YES;
				MARKETING_VERSION = 1.0;
				PRODUCT_BUNDLE_IDENTIFIER = Test.CodeCoverageUITests;
				PRODUCT_NAME = "$(TARGET_NAME)";
				SWIFT_EMIT_LOC_STRINGS = NO;
				SWIFT_VERSION = 5.0;
				TARGETED_DEVICE_FAMILY = "1,2";
				TEST_TARGET_NAME = CodeCoverage;
			};
			name = Debug;
		};
		7F59BDB727BE9324005D7002 /* Release */ = {
			isa = XCBuildConfiguration;
			buildSettings = {
				ALWAYS_EMBED_SWIFT_STANDARD_LIBRARIES = YES;
				CODE_SIGN_STYLE = Automatic;
				CURRENT_PROJECT_VERSION = 1;
				DEVELOPMENT_TEAM = YW88Y5HA6W;
				GENERATE_INFOPLIST_FILE = YES;
				MARKETING_VERSION = 1.0;
				PRODUCT_BUNDLE_IDENTIFIER = Test.CodeCoverageUITests;
				PRODUCT_NAME = "$(TARGET_NAME)";
				SWIFT_EMIT_LOC_STRINGS = NO;
				SWIFT_VERSION = 5.0;
				TARGETED_DEVICE_FAMILY = "1,2";
				TEST_TARGET_NAME = CodeCoverage;
			};
			name = Release;
		};
/* End XCBuildConfiguration section */

/* Begin XCConfigurationList section */
		7F59BD8027BE931F005D7002 /* Build configuration list for PBXProject "CodeCoverage" */ = {
			isa = XCConfigurationList;
			buildConfigurations = (
				7F59BDAD27BE9324005D7002 /* Debug */,
				7F59BDAE27BE9324005D7002 /* Release */,
			);
			defaultConfigurationIsVisible = 0;
			defaultConfigurationName = Release;
		};
		7F59BDAF27BE9324005D7002 /* Build configuration list for PBXNativeTarget "CodeCoverage" */ = {
			isa = XCConfigurationList;
			buildConfigurations = (
				7F59BDB027BE9324005D7002 /* Debug */,
				7F59BDB127BE9324005D7002 /* Release */,
			);
			defaultConfigurationIsVisible = 0;
			defaultConfigurationName = Release;
		};
		7F59BDB227BE9324005D7002 /* Build configuration list for PBXNativeTarget "CodeCoverageTests" */ = {
			isa = XCConfigurationList;
			buildConfigurations = (
				7F59BDB327BE9324005D7002 /* Debug */,
				7F59BDB427BE9324005D7002 /* Release */,
			);
			defaultConfigurationIsVisible = 0;
			defaultConfigurationName = Release;
		};
		7F59BDB527BE9324005D7002 /* Build configuration list for PBXNativeTarget "CodeCoverageUITests" */ = {
			isa = XCConfigurationList;
			buildConfigurations = (
				7F59BDB627BE9324005D7002 /* Debug */,
				7F59BDB727BE9324005D7002 /* Release */,
			);
			defaultConfigurationIsVisible = 0;
			defaultConfigurationName = Release;
		};
/* End XCConfigurationList section */
	};
	rootObject = 7F59BD7D27BE931F005D7002 /* Project object */;
}
